
Microsoft Visual Studio Solution File, Format Version 12.00
# Visual Studio Version 16
VisualStudioVersion = 16.0.30114.105
MinimumVisualStudioVersion = 10.0.40219.1
Project("{FAE04EC0-301F-11D3-BF4B-00C04F79EFBC}") = "PcRemote.Server.Console", "PcRemote.Server.Console\PcRemote.Server.Console.csproj", "{7C1C610D-74CE-4816-941F-7637D8B2C075}"
EndProject
Project("{FAE04EC0-301F-11D3-BF4B-00C04F79EFBC}") = "PcRemote.Server.Core", "PcRemote.Server.Core\PcRemote.Server.Core.csproj", "{FE1E688A-4990-4828-BC52-1855D518554A}"
EndProject
Project("{FAE04EC0-301F-11D3-BF4B-00C04F79EFBC}") = "PcRemote.Server.Infrastructure", "PcRemote.Server.Infrastructure\PcRemote.Server.Infrastructure.csproj", "{7A43AE61-4CCB-4BA1-894E-2D71ADAE7A49}"
EndProject
Global
	GlobalSection(SolutionConfigurationPlatforms) = preSolution
		Debug|Any CPU = Debug|Any CPU
		Release|Any CPU = Release|Any CPU
	EndGlobalSection
	GlobalSection(SolutionProperties) = preSolution
		HideSolutionNode = FALSE
	EndGlobalSection
	GlobalSection(ProjectConfigurationPlatforms) = postSolution
		{7C1C610D-74CE-4816-941F-7637D8B2C075}.Debug|Any CPU.ActiveCfg = Debug|Any CPU
		{7C1C610D-74CE-4816-941F-7637D8B2C075}.Debug|Any CPU.Build.0 = Debug|Any CPU
		{7C1C610D-74CE-4816-941F-7637D8B2C075}.Release|Any CPU.ActiveCfg = Release|Any CPU
		{7C1C610D-74CE-4816-941F-7637D8B2C075}.Release|Any CPU.Build.0 = Release|Any CPU
		{FE1E688A-4990-4828-BC52-1855D518554A}.Debug|Any CPU.ActiveCfg = Debug|Any CPU
		{FE1E688A-4990-4828-BC52-1855D518554A}.Debug|Any CPU.Build.0 = Debug|Any CPU
		{FE1E688A-4990-4828-BC52-1855D518554A}.Release|Any CPU.ActiveCfg = Release|Any CPU
		{FE1E688A-4990-4828-BC52-1855D518554A}.Release|Any CPU.Build.0 = Release|Any CPU
		{7A43AE61-4CCB-4BA1-894E-2D71ADAE7A49}.Debug|Any CPU.ActiveCfg = Debug|Any CPU
		{7A43AE61-4CCB-4BA1-894E-2D71ADAE7A49}.Debug|Any CPU.Build.0 = Debug|Any CPU
		{7A43AE61-4CCB-4BA1-894E-2D71ADAE7A49}.Release|Any CPU.ActiveCfg = Release|Any CPU
		{7A43AE61-4CCB-4BA1-894E-2D71ADAE7A49}.Release|Any CPU.Build.0 = Release|Any CPU
	EndGlobalSection
EndGlobal
